{
  "version": 4,
  "terraform_version": "1.12.1",
  "serial": 107,
  "lineage": "de1a68e8-e74c-165c-3a83-6c001b722cf2",
  "outputs": {},
  "resources": [
    {
      "mode": "managed",
      "type": "azurerm_linux_virtual_machine",
      "name": "azure_dkr",
      "provider": "provider[\"registry.terraform.io/hashicorp/azurerm\"]",
      "instances": [
        {
          "schema_version": 0,
          "attributes": {
            "additional_capabilities": [],
            "admin_password": null,
            "admin_ssh_key": [
              {
                "public_key": "ssh-rsa AAAAB3NzaC1yc2EAAAADAQABAAABAQCwntG0nFSlqoehCOJyy4cpexoahID3bulzy2JJEdJHq2gLzooVNv3aMnwoho0HcOWQU4QXoOSqRmdyVPruiFh5uJHWHey9apq9GssHenKjrFFlALOANdJDS9ivEnTeRfoXitMkd1i75KZ9OhRHrJgr22C7r9QuTugdx335PuqqT1j3wI1ZO7MEzFeSCkSJo00hAOvZ+05jBcQuGfGKlretdVM3ZvlJPd0/tXZcjFnlzqsZLCVY/O+mPWsybzIVpT2dlrksQoXIwKKNBnU1zaSPlPiq499DSnMY4c3A5MIJp8H+aGOrRQOAiDOOy9/arI80DJG4WB5CtWS+CilKMtkZ ndee@apupi\n",
                "username": "adminuser"
              }
            ],
            "admin_username": "adminuser",
            "allow_extension_operations": true,
            "availability_set_id": "",
            "boot_diagnostics": [],
            "bypass_platform_safety_checks_on_user_schedule_enabled": false,
            "capacity_reservation_group_id": "",
            "computer_name": "ara-swiss-dkr-node",
            "custom_data": "IyEvYmluL2Jhc2gKCiMgcHJlcCBwYWNrYWdlcwpzdWRvIGFwdCB1cGRhdGUKc3VkbyBhcHQgaW5zdGFsbCBjYS1jZXJ0aWZpY2F0ZXMgY3VybCBzY3JlZW4gYXB0LXRyYW5zcG9ydC1odHRwcyBsb2NhbGVzIGNyb24genNoIG5lb2ZldGNoIGdpdAoKIyBwcmVwIGRvY2tlciBzb2Z0d2FyZSByZXBvc2l0b3J5CnN1ZG8gaW5zdGFsbCAtbSAwNzU1IC1kIC9ldGMvYXB0L2tleXJpbmdzCnN1ZG8gY3VybCAtZnNTTCBodHRwczovL2Rvd25sb2FkLmRvY2tlci5jb20vbGludXgvZGViaWFuL2dwZyAtbyAvZXRjL2FwdC9rZXlyaW5ncy9kb2NrZXIuYXNjCnN1ZG8gY2htb2QgYStyIC9ldGMvYXB0L2tleXJpbmdzL2RvY2tlci5hc2MKCiMgQWRkIHRoZSByZXBvc2l0b3J5IHRvIEFwdCBzb3VyY2VzOgplY2hvIFwKICAiZGViIFthcmNoPSQoZHBrZyAtLXByaW50LWFyY2hpdGVjdHVyZSkgc2lnbmVkLWJ5PS9ldGMvYXB0L2tleXJpbmdzL2RvY2tlci5hc2NdIGh0dHBzOi8vZG93bmxvYWQuZG9ja2VyLmNvbS9saW51eC9kZWJpYW4gXAogICQoLiAvZXRjL29zLXJlbGVhc2UgJiYgZWNobyAiJFZFUlNJT05fQ09ERU5BTUUiKSBzdGFibGUiIHwgXAogIHN1ZG8gdGVlIC9ldGMvYXB0L3NvdXJjZXMubGlzdC5kL2RvY2tlci5saXN0ID4gL2Rldi9udWxsCnN1ZG8gYXB0IHVwZGF0ZSAKCiMgaW5zdGFsbCBkb2NrZXIKc3VkbyBhcHQgaW5zdGFsbCBkb2NrZXItY2UgZG9ja2VyLWNlLWNsaSBjb250YWluZXJkLmlvIGRvY2tlci1idWlsZHgtcGx1Z2luIGRvY2tlci1jb21wb3NlLXBsdWdpbiAteQpzbGVlcCAzCgojIG1ha2Ugc3lzdGVtIHVzZXIgZG9ja2VyIGFkbWluCiNzdWRvIC91c3Ivc2Jpbi91c2VybW9kIC1hRyBkb2NrZXIgJFVTRVIKc3VkbyAvdXNyL3NiaW4vdXNlcm1vZCAtYUcgZG9ja2VyIGFkbWludXNlcgoKI3N1ZG8gZG9ja2VyIHJ1biAtZGl0IC1wIDgwODA6ODAgLS1uYW1lIGR2d2EgYXJhY2xvdWQvZG9ja2VyLWR2d2EKc3VkbyBkb2NrZXIgcnVuIC1kaXQgLXAgODA4MDo4MCAtLW5hbWUgZHZ3YSBrYWFrYXd3L2R2d2EtZG9ja2VyOmxhdGVzdAoKIyBzZXQgbG9jYWxlcwpzZWQgLWkgJ3MvXiMgKlwoZW5fVVMuVVRGLThcKS9cMS8nIC9ldGMvbG9jYWxlLmdlbgpzdWRvIC91c3Ivc2Jpbi9sb2NhbGUtZ2VuCgojIGNvbmZpZ3VyZSBscwojc2VkIC1pIHMvIiNhbGlhcyBsIi8iYWxpYXMgbCIvZyAvaG9tZS8kVVNFUi8uYmFzaHJjCnNlZCAtaSBzLyIjYWxpYXMgbCIvImFsaWFzIGwiL2cgL2hvbWUvYWRtaW51c2VyLy5iYXNocmMKCiMgZGVidWcKI2VjaG8gJFVTRVIgPi90bXAvdXNlci50eHQK",
            "dedicated_host_group_id": "",
            "dedicated_host_id": "",
            "disable_password_authentication": true,
            "disk_controller_type": "",
            "edge_zone": "",
            "encryption_at_host_enabled": false,
            "eviction_policy": "",
            "extensions_time_budget": "PT1H30M",
            "gallery_application": [],
            "id": "/subscriptions/3ab97c04-ca68-41d4-8b83-2b9cf0723c23/resourceGroups/ara-swiss-ce-rg-64d7/providers/Microsoft.Compute/virtualMachines/ara-swiss-dkr-node",
            "identity": [],
            "license_type": "",
            "location": "westus",
            "max_bid_price": -1,
            "name": "ara-swiss-dkr-node",
            "network_interface_ids": [
              "/subscriptions/3ab97c04-ca68-41d4-8b83-2b9cf0723c23/resourceGroups/ara-swiss-ce-rg-64d7/providers/Microsoft.Network/networkInterfaces/ara-swiss-nic-dkr"
            ],
            "os_disk": [
              {
                "caching": "ReadWrite",
                "diff_disk_settings": [],
                "disk_encryption_set_id": "",
                "disk_size_gb": 30,
                "name": "ara-swiss-dkr-node-disk",
                "secure_vm_disk_encryption_set_id": "",
                "security_encryption_type": "",
                "storage_account_type": "Standard_LRS",
                "write_accelerator_enabled": false
              }
            ],
            "os_image_notification": [],
            "patch_assessment_mode": "ImageDefault",
            "patch_mode": "ImageDefault",
            "plan": [],
            "platform_fault_domain": -1,
            "priority": "Regular",
            "private_ip_address": "10.0.2.5",
            "private_ip_addresses": [
              "10.0.2.5"
            ],
            "provision_vm_agent": true,
            "proximity_placement_group_id": "",
            "public_ip_address": "40.83.184.92",
            "public_ip_addresses": [
              "40.83.184.92"
            ],
            "reboot_setting": "",
            "resource_group_name": "ara-swiss-ce-rg-64d7",
            "secret": [],
            "secure_boot_enabled": false,
            "size": "Standard_F2",
            "source_image_id": "",
            "source_image_reference": [
              {
                "offer": "debian-12",
                "publisher": "debian",
                "sku": "12",
                "version": "latest"
              }
            ],
            "tags": null,
            "termination_notification": null,
            "timeouts": null,
            "user_data": "",
            "virtual_machine_id": "9fa9c48c-1c30-47b4-a766-21f94ff603e3",
            "virtual_machine_scale_set_id": "",
            "vm_agent_platform_updates_enabled": false,
            "vtpm_enabled": false,
            "zone": ""
          },
          "sensitive_attributes": [
            [
              {
                "type": "get_attr",
                "value": "admin_password"
              }
            ],
            [
              {
                "type": "get_attr",
                "value": "custom_data"
              }
            ]
          ],
          "identity_schema_version": 0,
          "private": "eyJlMmJmYjczMC1lY2FhLTExZTYtOGY4OC0zNDM2M2JjN2M0YzAiOnsiY3JlYXRlIjoyNzAwMDAwMDAwMDAwLCJkZWxldGUiOjI3MDAwMDAwMDAwMDAsInJlYWQiOjMwMDAwMDAwMDAwMCwidXBkYXRlIjoyNzAwMDAwMDAwMDAwfX0=",
          "dependencies": [
            "azurerm_network_interface.azure_nic_dkr",
            "azurerm_network_interface_security_group_association.azure_nisga_dkr",
            "azurerm_network_security_group.azure_nsg",
            "azurerm_public_ip.azure_pip_dkr",
            "azurerm_resource_group.azure_rg",
            "azurerm_subnet.azure_sn",
            "azurerm_virtual_network.azure_vn",
            "random_id.xc-mcn-random-id"
          ]
        }
      ]
    },
    {
      "mode": "managed",
      "type": "azurerm_network_interface",
      "name": "azure_nic_ce",
      "provider": "provider[\"registry.terraform.io/hashicorp/azurerm\"]",
      "instances": [
        {
          "schema_version": 0,
          "attributes": {
            "accelerated_networking_enabled": false,
            "applied_dns_servers": [],
            "auxiliary_mode": "",
            "auxiliary_sku": "",
            "dns_servers": [],
            "edge_zone": "",
            "enable_accelerated_networking": false,
            "enable_ip_forwarding": false,
            "id": "/subscriptions/3ab97c04-ca68-41d4-8b83-2b9cf0723c23/resourceGroups/ara-swiss-ce-rg-64d7/providers/Microsoft.Network/networkInterfaces/ara-swiss-nic-ce",
            "internal_dns_name_label": "",
            "internal_domain_name_suffix": "m2rvvonhfb3e5dxkrk3cdt1i0c.dx.internal.cloudapp.net",
            "ip_configuration": [
              {
                "gateway_load_balancer_frontend_ip_configuration_id": "",
                "name": "ara-swiss-ipconfig",
                "primary": true,
                "private_ip_address": "10.0.2.4",
                "private_ip_address_allocation": "Dynamic",
                "private_ip_address_version": "IPv4",
                "public_ip_address_id": "/subscriptions/3ab97c04-ca68-41d4-8b83-2b9cf0723c23/resourceGroups/ara-swiss-ce-rg-64d7/providers/Microsoft.Network/publicIPAddresses/ara-swiss-pip-ce",
                "subnet_id": "/subscriptions/3ab97c04-ca68-41d4-8b83-2b9cf0723c23/resourceGroups/ara-swiss-ce-rg-64d7/providers/Microsoft.Network/virtualNetworks/ara-swiss-network/subnets/ara-swiss-sn-internal"
              }
            ],
            "ip_forwarding_enabled": false,
            "location": "westus",
            "mac_address": "",
            "name": "ara-swiss-nic-ce",
            "private_ip_address": "10.0.2.4",
            "private_ip_addresses": [
              "10.0.2.4"
            ],
            "resource_group_name": "ara-swiss-ce-rg-64d7",
            "tags": null,
            "timeouts": null,
            "virtual_machine_id": ""
          },
          "sensitive_attributes": [],
          "identity_schema_version": 0,
          "private": "eyJlMmJmYjczMC1lY2FhLTExZTYtOGY4OC0zNDM2M2JjN2M0YzAiOnsiY3JlYXRlIjoxODAwMDAwMDAwMDAwLCJkZWxldGUiOjE4MDAwMDAwMDAwMDAsInJlYWQiOjMwMDAwMDAwMDAwMCwidXBkYXRlIjoxODAwMDAwMDAwMDAwfX0=",
          "dependencies": [
            "azurerm_public_ip.azure_pip_ce",
            "azurerm_resource_group.azure_rg",
            "azurerm_subnet.azure_sn",
            "azurerm_virtual_network.azure_vn",
            "random_id.xc-mcn-random-id"
          ]
        }
      ]
    },
    {
      "mode": "managed",
      "type": "azurerm_network_interface",
      "name": "azure_nic_dkr",
      "provider": "provider[\"registry.terraform.io/hashicorp/azurerm\"]",
      "instances": [
        {
          "schema_version": 0,
          "attributes": {
            "accelerated_networking_enabled": false,
            "applied_dns_servers": [],
            "auxiliary_mode": "",
            "auxiliary_sku": "",
            "dns_servers": [],
            "edge_zone": "",
            "enable_accelerated_networking": false,
            "enable_ip_forwarding": false,
            "id": "/subscriptions/3ab97c04-ca68-41d4-8b83-2b9cf0723c23/resourceGroups/ara-swiss-ce-rg-64d7/providers/Microsoft.Network/networkInterfaces/ara-swiss-nic-dkr",
            "internal_dns_name_label": "",
            "internal_domain_name_suffix": "m2rvvonhfb3e5dxkrk3cdt1i0c.dx.internal.cloudapp.net",
            "ip_configuration": [
              {
                "gateway_load_balancer_frontend_ip_configuration_id": "",
                "name": "ara-swiss-ipconfig",
                "primary": true,
                "private_ip_address": "10.0.2.5",
                "private_ip_address_allocation": "Static",
                "private_ip_address_version": "IPv4",
                "public_ip_address_id": "/subscriptions/3ab97c04-ca68-41d4-8b83-2b9cf0723c23/resourceGroups/ara-swiss-ce-rg-64d7/providers/Microsoft.Network/publicIPAddresses/ara-swiss-pip-dkr",
                "subnet_id": "/subscriptions/3ab97c04-ca68-41d4-8b83-2b9cf0723c23/resourceGroups/ara-swiss-ce-rg-64d7/providers/Microsoft.Network/virtualNetworks/ara-swiss-network/subnets/ara-swiss-sn-internal"
              }
            ],
            "ip_forwarding_enabled": false,
            "location": "westus",
            "mac_address": "",
            "name": "ara-swiss-nic-dkr",
            "private_ip_address": "10.0.2.5",
            "private_ip_addresses": [
              "10.0.2.5"
            ],
            "resource_group_name": "ara-swiss-ce-rg-64d7",
            "tags": null,
            "timeouts": null,
            "virtual_machine_id": ""
          },
          "sensitive_attributes": [],
          "identity_schema_version": 0,
          "private": "eyJlMmJmYjczMC1lY2FhLTExZTYtOGY4OC0zNDM2M2JjN2M0YzAiOnsiY3JlYXRlIjoxODAwMDAwMDAwMDAwLCJkZWxldGUiOjE4MDAwMDAwMDAwMDAsInJlYWQiOjMwMDAwMDAwMDAwMCwidXBkYXRlIjoxODAwMDAwMDAwMDAwfX0=",
          "dependencies": [
            "azurerm_public_ip.azure_pip_dkr",
            "azurerm_resource_group.azure_rg",
            "azurerm_subnet.azure_sn",
            "azurerm_virtual_network.azure_vn",
            "random_id.xc-mcn-random-id"
          ]
        }
      ]
    },
    {
      "mode": "managed",
      "type": "azurerm_network_interface_security_group_association",
      "name": "azure_nisga_ce",
      "provider": "provider[\"registry.terraform.io/hashicorp/azurerm\"]",
      "instances": [
        {
          "schema_version": 0,
          "attributes": {
            "id": "/subscriptions/3ab97c04-ca68-41d4-8b83-2b9cf0723c23/resourceGroups/ara-swiss-ce-rg-64d7/providers/Microsoft.Network/networkInterfaces/ara-swiss-nic-ce|/subscriptions/3ab97c04-ca68-41d4-8b83-2b9cf0723c23/resourceGroups/ara-swiss-ce-rg-64d7/providers/Microsoft.Network/networkSecurityGroups/ara-swiss-nsg",
            "network_interface_id": "/subscriptions/3ab97c04-ca68-41d4-8b83-2b9cf0723c23/resourceGroups/ara-swiss-ce-rg-64d7/providers/Microsoft.Network/networkInterfaces/ara-swiss-nic-ce",
            "network_security_group_id": "/subscriptions/3ab97c04-ca68-41d4-8b83-2b9cf0723c23/resourceGroups/ara-swiss-ce-rg-64d7/providers/Microsoft.Network/networkSecurityGroups/ara-swiss-nsg",
            "timeouts": null
          },
          "sensitive_attributes": [],
          "identity_schema_version": 0,
          "private": "eyJlMmJmYjczMC1lY2FhLTExZTYtOGY4OC0zNDM2M2JjN2M0YzAiOnsiY3JlYXRlIjoxODAwMDAwMDAwMDAwLCJkZWxldGUiOjE4MDAwMDAwMDAwMDAsInJlYWQiOjMwMDAwMDAwMDAwMH19",
          "dependencies": [
            "azurerm_network_interface.azure_nic_ce",
            "azurerm_network_security_group.azure_nsg",
            "azurerm_public_ip.azure_pip_ce",
            "azurerm_resource_group.azure_rg",
            "azurerm_subnet.azure_sn",
            "azurerm_virtual_network.azure_vn",
            "random_id.xc-mcn-random-id"
          ]
        }
      ]
    },
    {
      "mode": "managed",
      "type": "azurerm_network_interface_security_group_association",
      "name": "azure_nisga_dkr",
      "provider": "provider[\"registry.terraform.io/hashicorp/azurerm\"]",
      "instances": [
        {
          "schema_version": 0,
          "attributes": {
            "id": "/subscriptions/3ab97c04-ca68-41d4-8b83-2b9cf0723c23/resourceGroups/ara-swiss-ce-rg-64d7/providers/Microsoft.Network/networkInterfaces/ara-swiss-nic-dkr|/subscriptions/3ab97c04-ca68-41d4-8b83-2b9cf0723c23/resourceGroups/ara-swiss-ce-rg-64d7/providers/Microsoft.Network/networkSecurityGroups/ara-swiss-nsg",
            "network_interface_id": "/subscriptions/3ab97c04-ca68-41d4-8b83-2b9cf0723c23/resourceGroups/ara-swiss-ce-rg-64d7/providers/Microsoft.Network/networkInterfaces/ara-swiss-nic-dkr",
            "network_security_group_id": "/subscriptions/3ab97c04-ca68-41d4-8b83-2b9cf0723c23/resourceGroups/ara-swiss-ce-rg-64d7/providers/Microsoft.Network/networkSecurityGroups/ara-swiss-nsg",
            "timeouts": null
          },
          "sensitive_attributes": [],
          "identity_schema_version": 0,
          "private": "eyJlMmJmYjczMC1lY2FhLTExZTYtOGY4OC0zNDM2M2JjN2M0YzAiOnsiY3JlYXRlIjoxODAwMDAwMDAwMDAwLCJkZWxldGUiOjE4MDAwMDAwMDAwMDAsInJlYWQiOjMwMDAwMDAwMDAwMH19",
          "dependencies": [
            "azurerm_network_interface.azure_nic_dkr",
            "azurerm_network_security_group.azure_nsg",
            "azurerm_public_ip.azure_pip_dkr",
            "azurerm_resource_group.azure_rg",
            "azurerm_subnet.azure_sn",
            "azurerm_virtual_network.azure_vn",
            "random_id.xc-mcn-random-id"
          ]
        }
      ]
    },
    {
      "mode": "managed",
      "type": "azurerm_network_security_group",
      "name": "azure_nsg",
      "provider": "provider[\"registry.terraform.io/hashicorp/azurerm\"]",
      "instances": [
        {
          "schema_version": 0,
          "attributes": {
            "id": "/subscriptions/3ab97c04-ca68-41d4-8b83-2b9cf0723c23/resourceGroups/ara-swiss-ce-rg-64d7/providers/Microsoft.Network/networkSecurityGroups/ara-swiss-nsg",
            "location": "westus",
            "name": "ara-swiss-nsg",
            "resource_group_name": "ara-swiss-ce-rg-64d7",
            "security_rule": [
              {
                "access": "Allow",
                "description": "",
                "destination_address_prefix": "*",
                "destination_address_prefixes": [],
                "destination_application_security_group_ids": [],
                "destination_port_range": "*",
                "destination_port_ranges": [],
                "direction": "Inbound",
                "name": "Allow-ICMP",
                "priority": 1200,
                "protocol": "Icmp",
                "source_address_prefix": "*",
                "source_address_prefixes": [],
                "source_application_security_group_ids": [],
                "source_port_range": "*",
                "source_port_ranges": []
              },
              {
                "access": "Allow",
                "description": "",
                "destination_address_prefix": "*",
                "destination_address_prefixes": [],
                "destination_application_security_group_ids": [],
                "destination_port_range": "22",
                "destination_port_ranges": [],
                "direction": "Inbound",
                "name": "Allow-SSH",
                "priority": 1000,
                "protocol": "Tcp",
                "source_address_prefix": "*",
                "source_address_prefixes": [],
                "source_application_security_group_ids": [],
                "source_port_range": "*",
                "source_port_ranges": []
              },
              {
                "access": "Allow",
                "description": "",
                "destination_address_prefix": "*",
                "destination_address_prefixes": [],
                "destination_application_security_group_ids": [],
                "destination_port_range": "65500",
                "destination_port_ranges": [],
                "direction": "Inbound",
                "name": "Allow-65500",
                "priority": 1100,
                "protocol": "Tcp",
                "source_address_prefix": "*",
                "source_address_prefixes": [],
                "source_application_security_group_ids": [],
                "source_port_range": "*",
                "source_port_ranges": []
              },
              {
                "access": "Deny",
                "description": "",
                "destination_address_prefix": "*",
                "destination_address_prefixes": [],
                "destination_application_security_group_ids": [],
                "destination_port_range": "80",
                "destination_port_ranges": [],
                "direction": "Inbound",
                "name": "Allow-80",
                "priority": 1101,
                "protocol": "Tcp",
                "source_address_prefix": "*",
                "source_address_prefixes": [],
                "source_application_security_group_ids": [],
                "source_port_range": "*",
                "source_port_ranges": []
              }
            ],
            "tags": null,
            "timeouts": null
          },
          "sensitive_attributes": [],
          "identity_schema_version": 0,
          "private": "eyJlMmJmYjczMC1lY2FhLTExZTYtOGY4OC0zNDM2M2JjN2M0YzAiOnsiY3JlYXRlIjoxODAwMDAwMDAwMDAwLCJkZWxldGUiOjE4MDAwMDAwMDAwMDAsInJlYWQiOjMwMDAwMDAwMDAwMCwidXBkYXRlIjoxODAwMDAwMDAwMDAwfX0=",
          "dependencies": [
            "azurerm_resource_group.azure_rg",
            "random_id.xc-mcn-random-id"
          ]
        }
      ]
    },
    {
      "mode": "managed",
      "type": "azurerm_public_ip",
      "name": "azure_pip_ce",
      "provider": "provider[\"registry.terraform.io/hashicorp/azurerm\"]",
      "instances": [
        {
          "schema_version": 0,
          "attributes": {
            "allocation_method": "Dynamic",
            "ddos_protection_mode": "VirtualNetworkInherited",
            "ddos_protection_plan_id": null,
            "domain_name_label": null,
            "edge_zone": "",
            "fqdn": null,
            "id": "/subscriptions/3ab97c04-ca68-41d4-8b83-2b9cf0723c23/resourceGroups/ara-swiss-ce-rg-64d7/providers/Microsoft.Network/publicIPAddresses/ara-swiss-pip-ce",
            "idle_timeout_in_minutes": 4,
            "ip_address": "",
            "ip_tags": null,
            "ip_version": "IPv4",
            "location": "westus",
            "name": "ara-swiss-pip-ce",
            "public_ip_prefix_id": null,
            "resource_group_name": "ara-swiss-ce-rg-64d7",
            "reverse_fqdn": null,
            "sku": "Basic",
            "sku_tier": "Regional",
            "tags": null,
            "timeouts": null,
            "zones": null
          },
          "sensitive_attributes": [],
          "identity_schema_version": 0,
          "private": "eyJlMmJmYjczMC1lY2FhLTExZTYtOGY4OC0zNDM2M2JjN2M0YzAiOnsiY3JlYXRlIjoxODAwMDAwMDAwMDAwLCJkZWxldGUiOjE4MDAwMDAwMDAwMDAsInJlYWQiOjMwMDAwMDAwMDAwMCwidXBkYXRlIjoxODAwMDAwMDAwMDAwfX0=",
          "dependencies": [
            "azurerm_resource_group.azure_rg",
            "random_id.xc-mcn-random-id"
          ]
        }
      ]
    },
    {
      "mode": "managed",
      "type": "azurerm_public_ip",
      "name": "azure_pip_dkr",
      "provider": "provider[\"registry.terraform.io/hashicorp/azurerm\"]",
      "instances": [
        {
          "schema_version": 0,
          "attributes": {
            "allocation_method": "Dynamic",
            "ddos_protection_mode": "VirtualNetworkInherited",
            "ddos_protection_plan_id": null,
            "domain_name_label": null,
            "edge_zone": "",
            "fqdn": null,
            "id": "/subscriptions/3ab97c04-ca68-41d4-8b83-2b9cf0723c23/resourceGroups/ara-swiss-ce-rg-64d7/providers/Microsoft.Network/publicIPAddresses/ara-swiss-pip-dkr",
            "idle_timeout_in_minutes": 4,
            "ip_address": "",
            "ip_tags": null,
            "ip_version": "IPv4",
            "location": "westus",
            "name": "ara-swiss-pip-dkr",
            "public_ip_prefix_id": null,
            "resource_group_name": "ara-swiss-ce-rg-64d7",
            "reverse_fqdn": null,
            "sku": "Basic",
            "sku_tier": "Regional",
            "tags": null,
            "timeouts": null,
            "zones": null
          },
          "sensitive_attributes": [],
          "identity_schema_version": 0,
          "private": "eyJlMmJmYjczMC1lY2FhLTExZTYtOGY4OC0zNDM2M2JjN2M0YzAiOnsiY3JlYXRlIjoxODAwMDAwMDAwMDAwLCJkZWxldGUiOjE4MDAwMDAwMDAwMDAsInJlYWQiOjMwMDAwMDAwMDAwMCwidXBkYXRlIjoxODAwMDAwMDAwMDAwfX0=",
          "dependencies": [
            "azurerm_resource_group.azure_rg",
            "random_id.xc-mcn-random-id"
          ]
        }
      ]
    },
    {
      "mode": "managed",
      "type": "azurerm_resource_group",
      "name": "azure_rg",
      "provider": "provider[\"registry.terraform.io/hashicorp/azurerm\"]",
      "instances": [
        {
          "schema_version": 0,
          "attributes": {
            "id": "/subscriptions/3ab97c04-ca68-41d4-8b83-2b9cf0723c23/resourceGroups/ara-swiss-ce-rg-64d7",
            "location": "westus",
            "managed_by": "",
            "name": "ara-swiss-ce-rg-64d7",
            "tags": {
              "create": "2025-06-02T15:42:02Z",
              "host": "apupi",
              "owner": "ara@f5.com",
              "source": "terraform-f5xc-smsv2-azure"
            },
            "timeouts": null
          },
          "sensitive_attributes": [],
          "identity_schema_version": 0,
          "private": "eyJlMmJmYjczMC1lY2FhLTExZTYtOGY4OC0zNDM2M2JjN2M0YzAiOnsiY3JlYXRlIjo1NDAwMDAwMDAwMDAwLCJkZWxldGUiOjU0MDAwMDAwMDAwMDAsInJlYWQiOjMwMDAwMDAwMDAwMCwidXBkYXRlIjo1NDAwMDAwMDAwMDAwfX0=",
          "dependencies": [
            "random_id.xc-mcn-random-id"
          ]
        }
      ]
    },
    {
      "mode": "managed",
      "type": "azurerm_subnet",
      "name": "azure_sn",
      "provider": "provider[\"registry.terraform.io/hashicorp/azurerm\"]",
      "instances": [
        {
          "schema_version": 0,
          "attributes": {
            "address_prefixes": [
              "10.0.2.0/24"
            ],
            "default_outbound_access_enabled": true,
            "delegation": [],
            "enforce_private_link_endpoint_network_policies": false,
            "enforce_private_link_service_network_policies": false,
            "id": "/subscriptions/3ab97c04-ca68-41d4-8b83-2b9cf0723c23/resourceGroups/ara-swiss-ce-rg-64d7/providers/Microsoft.Network/virtualNetworks/ara-swiss-network/subnets/ara-swiss-sn-internal",
            "name": "ara-swiss-sn-internal",
            "private_endpoint_network_policies": "Enabled",
            "private_endpoint_network_policies_enabled": true,
            "private_link_service_network_policies_enabled": true,
            "resource_group_name": "ara-swiss-ce-rg-64d7",
            "service_endpoint_policy_ids": null,
            "service_endpoints": null,
            "timeouts": null,
            "virtual_network_name": "ara-swiss-network"
          },
          "sensitive_attributes": [],
          "identity_schema_version": 0,
          "private": "eyJlMmJmYjczMC1lY2FhLTExZTYtOGY4OC0zNDM2M2JjN2M0YzAiOnsiY3JlYXRlIjoxODAwMDAwMDAwMDAwLCJkZWxldGUiOjE4MDAwMDAwMDAwMDAsInJlYWQiOjMwMDAwMDAwMDAwMCwidXBkYXRlIjoxODAwMDAwMDAwMDAwfX0=",
          "dependencies": [
            "azurerm_resource_group.azure_rg",
            "azurerm_virtual_network.azure_vn",
            "random_id.xc-mcn-random-id"
          ]
        }
      ]
    },
    {
      "mode": "managed",
      "type": "azurerm_virtual_machine",
      "name": "f5xc-nodes",
      "provider": "provider[\"registry.terraform.io/hashicorp/azurerm\"]",
      "instances": [
        {
          "schema_version": 0,
          "attributes": {
            "additional_capabilities": [],
            "availability_set_id": null,
            "boot_diagnostics": [],
            "delete_data_disks_on_termination": true,
            "delete_os_disk_on_termination": true,
            "id": "/subscriptions/3ab97c04-ca68-41d4-8b83-2b9cf0723c23/resourceGroups/ara-swiss-ce-rg-64d7/providers/Microsoft.Compute/virtualMachines/ara-swiss-ce-azure-64d7",
            "identity": [
              {
                "identity_ids": null,
                "principal_id": "01ec6103-57e6-4e63-93e4-87d7e46510a6",
                "tenant_id": "e569f29e-b098-4cea-b6f0-48fa8532d64a",
                "type": "SystemAssigned"
              }
            ],
            "license_type": null,
            "location": "westus",
            "name": "ara-swiss-ce-azure-64d7",
            "network_interface_ids": [
              "/subscriptions/3ab97c04-ca68-41d4-8b83-2b9cf0723c23/resourceGroups/ara-swiss-ce-rg-64d7/providers/Microsoft.Network/networkInterfaces/ara-swiss-nic-ce"
            ],
            "os_profile": [
              {
                "admin_password": "4PyBYQ2Idw",
                "admin_username": "volterra-admin",
                "computer_name": "ara-swiss-node-64d7",
                "custom_data": "f154eb27f1a29a87ffa82485be21175e861f6d15"
              }
            ],
            "os_profile_linux_config": [
              {
                "disable_password_authentication": false,
                "ssh_keys": []
              }
            ],
            "os_profile_secrets": [],
            "os_profile_windows_config": [],
            "plan": [
              {
                "name": "f5xccebyol",
                "product": "f5xc_customer_edge",
                "publisher": "f5-networks"
              }
            ],
            "primary_network_interface_id": "/subscriptions/3ab97c04-ca68-41d4-8b83-2b9cf0723c23/resourceGroups/ara-swiss-ce-rg-64d7/providers/Microsoft.Network/networkInterfaces/ara-swiss-nic-ce",
            "proximity_placement_group_id": null,
            "resource_group_name": "ara-swiss-ce-rg-64d7",
            "storage_data_disk": [],
            "storage_image_reference": [
              {
                "id": "",
                "offer": "f5xc_customer_edge",
                "publisher": "f5-networks",
                "sku": "f5xccebyol",
                "version": "2024.44.1"
              }
            ],
            "storage_os_disk": [
              {
                "caching": "ReadWrite",
                "create_option": "FromImage",
                "disk_size_gb": 78,
                "image_uri": "",
                "managed_disk_id": "/subscriptions/3ab97c04-ca68-41d4-8b83-2b9cf0723c23/resourceGroups/ara-swiss-ce-rg-64d7/providers/Microsoft.Compute/disks/ara-swiss-ce-node-disk",
                "managed_disk_type": "Standard_LRS",
                "name": "ara-swiss-ce-node-disk",
                "os_type": "Linux",
                "vhd_uri": "",
                "write_accelerator_enabled": false
              }
            ],
            "tags": {
              "Name": "{var.prefix}-node-[random_id.xc-mcn-random-id.hex]",
              "owner": "ara@f5.com",
              "source": "terraform"
            },
            "timeouts": null,
            "vm_size": "Standard_DS3_v2",
            "zones": null
          },
          "sensitive_attributes": [
            [
              {
                "type": "get_attr",
                "value": "os_profile"
              }
            ]
          ],
          "identity_schema_version": 0,
          "private": "eyJlMmJmYjczMC1lY2FhLTExZTYtOGY4OC0zNDM2M2JjN2M0YzAiOnsiY3JlYXRlIjozNjAwMDAwMDAwMDAwLCJkZWxldGUiOjM2MDAwMDAwMDAwMDAsInJlYWQiOjMwMDAwMDAwMDAwMCwidXBkYXRlIjozNjAwMDAwMDAwMDAwfX0=",
          "dependencies": [
            "azurerm_network_interface.azure_nic_ce",
            "azurerm_network_interface_security_group_association.azure_nisga_ce",
            "azurerm_network_security_group.azure_nsg",
            "azurerm_public_ip.azure_pip_ce",
            "azurerm_resource_group.azure_rg",
            "azurerm_subnet.azure_sn",
            "azurerm_virtual_network.azure_vn",
            "random_id.xc-mcn-random-id",
            "random_string.password",
            "volterra_securemesh_site_v2.xc-mcn-smsv2-appstack",
            "volterra_token.xc-mcn-sitetoken"
          ]
        }
      ]
    },
    {
      "mode": "managed",
      "type": "azurerm_virtual_network",
      "name": "azure_vn",
      "provider": "provider[\"registry.terraform.io/hashicorp/azurerm\"]",
      "instances": [
        {
          "schema_version": 0,
          "attributes": {
            "address_space": [
              "10.0.0.0/16"
            ],
            "bgp_community": "",
            "ddos_protection_plan": [],
            "dns_servers": [],
            "edge_zone": "",
            "encryption": [],
            "flow_timeout_in_minutes": 0,
            "guid": "b95a2367-28a7-4f7a-8eea-8aba21cf68d2",
            "id": "/subscriptions/3ab97c04-ca68-41d4-8b83-2b9cf0723c23/resourceGroups/ara-swiss-ce-rg-64d7/providers/Microsoft.Network/virtualNetworks/ara-swiss-network",
            "location": "westus",
            "name": "ara-swiss-network",
            "resource_group_name": "ara-swiss-ce-rg-64d7",
            "subnet": [],
            "tags": null,
            "timeouts": null
          },
          "sensitive_attributes": [],
          "identity_schema_version": 0,
          "private": "eyJlMmJmYjczMC1lY2FhLTExZTYtOGY4OC0zNDM2M2JjN2M0YzAiOnsiY3JlYXRlIjoxODAwMDAwMDAwMDAwLCJkZWxldGUiOjE4MDAwMDAwMDAwMDAsInJlYWQiOjMwMDAwMDAwMDAwMCwidXBkYXRlIjoxODAwMDAwMDAwMDAwfX0=",
          "dependencies": [
            "azurerm_resource_group.azure_rg",
            "random_id.xc-mcn-random-id"
          ]
        }
      ]
    },
    {
      "mode": "managed",
      "type": "random_id",
      "name": "xc-mcn-random-id",
      "provider": "provider[\"registry.terraform.io/hashicorp/random\"]",
      "instances": [
        {
          "schema_version": 0,
          "attributes": {
            "b64_std": "ZNc=",
            "b64_url": "ZNc",
            "byte_length": 2,
            "dec": "25815",
            "hex": "64d7",
            "id": "ZNc",
            "keepers": null,
            "prefix": null
          },
          "sensitive_attributes": [],
          "identity_schema_version": 0
        }
      ]
    },
    {
      "mode": "managed",
      "type": "random_string",
      "name": "password",
      "provider": "provider[\"registry.terraform.io/hashicorp/random\"]",
      "instances": [
        {
          "schema_version": 2,
          "attributes": {
            "id": "4PyBYQ2Idw",
            "keepers": null,
            "length": 10,
            "lower": true,
            "min_lower": 1,
            "min_numeric": 1,
            "min_special": 0,
            "min_upper": 1,
            "number": true,
            "numeric": true,
            "override_special": null,
            "result": "4PyBYQ2Idw",
            "special": false,
            "upper": true
          },
          "sensitive_attributes": [],
          "identity_schema_version": 0
        }
      ]
    },
    {
      "mode": "managed",
      "type": "volterra_app_firewall",
      "name": "waap-tf",
      "provider": "provider[\"registry.terraform.io/volterraedge/volterra\"]",
      "instances": [
        {
          "schema_version": 0,
          "attributes": {
            "ai_risk_based_blocking": [],
            "allow_all_response_codes": true,
            "allowed_response_codes": [],
            "annotations": null,
            "blocking": true,
            "blocking_page": [],
            "bot_protection_setting": [],
            "custom_anonymization": [],
            "default_anonymization": true,
            "default_bot_setting": null,
            "default_detection_settings": true,
            "description": "",
            "detection_settings": [],
            "disable": false,
            "disable_anonymization": null,
            "id": "1f768c85-2f85-4df6-ada2-12fa96b7f488",
            "labels": null,
            "monitoring": null,
            "name": "ara-swiss-ce-azure-64d7",
            "namespace": "a-arquint",
            "use_default_blocking_page": true,
            "use_loadbalancer_setting": null
          },
          "sensitive_attributes": [],
          "identity_schema_version": 0,
          "private": "bnVsbA==",
          "dependencies": [
            "random_id.xc-mcn-random-id"
          ]
        }
      ]
    },
    {
      "mode": "managed",
      "type": "volterra_http_loadbalancer",
      "name": "lb-https-tf",
      "provider": "provider[\"registry.terraform.io/volterraedge/volterra\"]",
      "instances": [
        {
          "schema_version": 2,
          "attributes": {
            "active_service_policies": [],
            "add_location": false,
            "advertise_custom": [],
            "advertise_on_public": [],
            "advertise_on_public_default_vip": true,
            "annotations": null,
            "api_definition": [],
            "api_definitions": [],
            "api_protection_rules": [],
            "api_rate_limit": [],
            "api_rate_limit_legacy": [],
            "api_specification": [],
            "app_firewall": [
              {
                "name": "ara-swiss-ce-azure-64d7",
                "namespace": "a-arquint",
                "tenant": "f5-emea-ent-bceuutam"
              }
            ],
            "blocked_clients": [],
            "bot_defense": [],
            "bot_defense_advanced": [],
            "captcha_challenge": [],
            "client_side_defense": [],
            "cname": "",
            "cookie_stickiness": [],
            "cors_policy": [],
            "csrf_policy": [],
            "data_guard_rules": [],
            "ddos_mitigation_rules": [],
            "default_pool": [],
            "default_pool_list": [],
            "default_route_pools": [
              {
                "cluster": [],
                "endpoint_subsets": null,
                "pool": [
                  {
                    "kind": "",
                    "name": "ara-swiss-ce-azure-64d7",
                    "namespace": "a-arquint",
                    "tenant": "f5-emea-ent-bceuutam"
                  }
                ],
                "priority": 0,
                "weight": 1
              }
            ],
            "default_sensitive_data_policy": true,
            "description": "",
            "disable": false,
            "disable_api_definition": true,
            "disable_api_discovery": true,
            "disable_bot_defense": false,
            "disable_client_side_defense": false,
            "disable_ip_reputation": false,
            "disable_malicious_user_detection": true,
            "disable_malware_protection": true,
            "disable_rate_limit": true,
            "disable_threat_mesh": true,
            "disable_trust_client_ip_headers": true,
            "disable_waf": false,
            "do_not_advertise": false,
            "domains": [
              "dvwa64d7.xcemea.f5demo.ch"
            ],
            "enable_api_discovery": [],
            "enable_challenge": [],
            "enable_ip_reputation": [],
            "enable_malicious_user_detection": false,
            "enable_threat_mesh": false,
            "enable_trust_client_ip_headers": [],
            "graphql_rules": [],
            "http": [],
            "https": [],
            "https_auto_cert": [
              {
                "add_hsts": true,
                "append_server_name": "",
                "coalescing_options": [],
                "connection_idle_timeout": 0,
                "default_header": false,
                "default_loadbalancer": false,
                "disable_path_normalize": false,
                "enable_path_normalize": true,
                "header_transformation_type": [],
                "http_protocol_options": [],
                "http_redirect": true,
                "no_mtls": true,
                "non_default_loadbalancer": false,
                "pass_through": false,
                "port": 0,
                "port_ranges": "",
                "server_name": "",
                "tls_config": [
                  {
                    "custom_security": [],
                    "default_security": true,
                    "low_security": false,
                    "medium_security": false
                  }
                ],
                "use_mtls": []
              }
            ],
            "id": "ef00fc39-33c5-4dfe-929f-e4347ed8e7f4",
            "js_challenge": [],
            "jwt_validation": [],
            "l7_ddos_action_block": false,
            "l7_ddos_action_default": true,
            "l7_ddos_action_js_challenge": [],
            "l7_ddos_action_none": false,
            "labels": null,
            "least_active": false,
            "malicious_user_mitigation": [],
            "malware_protection_settings": [],
            "more_option": [],
            "multi_lb_app": false,
            "name": "ara-swiss-ce-azure-64d7",
            "namespace": "a-arquint",
            "no_challenge": true,
            "no_service_policies": true,
            "origin_server_subset_rule_list": [],
            "policy_based_challenge": [],
            "protected_cookies": [],
            "random": false,
            "rate_limit": [],
            "ring_hash": [],
            "round_robin": false,
            "routes": [],
            "sensitive_data_disclosure_rules": [],
            "sensitive_data_policy": [],
            "service_policies_from_namespace": false,
            "single_lb_app": [],
            "slow_ddos_mitigation": [],
            "source_ip_stickiness": true,
            "system_default_timeouts": false,
            "trusted_clients": [],
            "user_id_client_ip": true,
            "user_identification": [],
            "waf_exclusion_rules": []
          },
          "sensitive_attributes": [],
          "identity_schema_version": 0,
          "private": "eyJzY2hlbWFfdmVyc2lvbiI6IjIifQ==",
          "dependencies": [
            "random_id.xc-mcn-random-id",
            "volterra_origin_pool.xc_origin_pool"
          ]
        }
      ]
    },
    {
      "mode": "managed",
      "type": "volterra_origin_pool",
      "name": "xc_origin_pool",
      "provider": "provider[\"registry.terraform.io/volterraedge/volterra\"]",
      "instances": [
        {
          "schema_version": 1,
          "attributes": {
            "advanced_options": [],
            "annotations": null,
            "automatic_port": false,
            "description": "",
            "disable": false,
            "endpoint_selection": "DISTRIBUTED",
            "health_check_port": 0,
            "healthcheck": [],
            "id": "9a392ac5-4e52-4ad9-95c5-fed80938fb51",
            "labels": null,
            "lb_port": false,
            "loadbalancer_algorithm": "LB_OVERRIDE",
            "name": "ara-swiss-ce-azure-64d7",
            "namespace": "a-arquint",
            "no_tls": true,
            "origin_servers": [
              {
                "cbip_service": [],
                "consul_service": [],
                "custom_endpoint_object": [],
                "k8s_service": [],
                "labels": null,
                "private_ip": [
                  {
                    "inside_network": false,
                    "ip": "10.0.2.5",
                    "ipv6": "",
                    "outside_network": true,
                    "segment": [],
                    "site_locator": [
                      {
                        "site": [
                          {
                            "kind": "",
                            "name": "ara-swiss-ce-azure-64d7",
                            "namespace": "system",
                            "tenant": "f5-emea-ent-bceuutam"
                          }
                        ],
                        "virtual_site": []
                      }
                    ]
                  }
                ],
                "private_name": [],
                "public_ip": [],
                "public_name": [],
                "vn_private_ip": [],
                "vn_private_name": []
              }
            ],
            "port": 8080,
            "same_as_endpoint_port": false,
            "use_tls": []
          },
          "sensitive_attributes": [],
          "identity_schema_version": 0,
          "private": "eyJzY2hlbWFfdmVyc2lvbiI6IjEifQ==",
          "dependencies": [
            "random_id.xc-mcn-random-id"
          ]
        }
      ]
    },
    {
      "mode": "managed",
      "type": "volterra_securemesh_site_v2",
      "name": "xc-mcn-smsv2-appstack",
      "provider": "provider[\"registry.terraform.io/volterraedge/volterra\"]",
      "instances": [
        {
          "schema_version": 0,
          "attributes": {
            "active_enhanced_firewall_policies": [],
            "active_forward_proxy_policies": [],
            "admin_user_credentials": [],
            "annotations": null,
            "aws": [],
            "azure": [
              {
                "not_managed": [
                  {
                    "node_list": []
                  }
                ]
              }
            ],
            "baremetal": [],
            "block_all_services": true,
            "blocked_services": [],
            "custom_proxy": [],
            "dc_cluster_group_sli": [],
            "dc_cluster_group_slo": [],
            "description": "",
            "disable": false,
            "disable_ha": null,
            "dns_ntp_config": [],
            "enable_ha": false,
            "f5_proxy": null,
            "gcp": [],
            "id": "e4195eed-5c68-44c2-ab80-9d502b85f69b",
            "kvm": [],
            "labels": {
              "ves.io/provider": "ves-io-AZURE"
            },
            "load_balancing": [],
            "local_vrf": [],
            "log_receiver": [],
            "logs_streaming_disabled": true,
            "name": "ara-swiss-ce-azure-64d7",
            "namespace": "system",
            "no_forward_proxy": null,
            "no_network_policy": null,
            "no_s2s_connectivity_sli": null,
            "no_s2s_connectivity_slo": null,
            "nutanix": [],
            "oci": [],
            "offline_survivability_mode": [],
            "openstack": [],
            "performance_enhancement_mode": [],
            "proactive_monitoring": [],
            "re_select": [
              {
                "geo_proximity": true,
                "specific_geography": "",
                "specific_re": []
              }
            ],
            "rseries": [],
            "site_mesh_group_on_slo": [],
            "software_settings": [],
            "tunnel_dead_timeout": null,
            "tunnel_type": null,
            "upgrade_settings": [],
            "vmware": []
          },
          "sensitive_attributes": [],
          "identity_schema_version": 0,
          "private": "bnVsbA==",
          "dependencies": [
            "random_id.xc-mcn-random-id"
          ]
        }
      ]
    },
    {
      "mode": "managed",
      "type": "volterra_token",
      "name": "xc-mcn-sitetoken",
      "provider": "provider[\"registry.terraform.io/volterraedge/volterra\"]",
      "instances": [
        {
          "schema_version": 0,
          "attributes": {
            "annotations": null,
            "description": "",
            "disable": false,
            "id": "eyJhbGciOiJIUzI1NiIsInR5cCI6IkpXVCJ9.eyJzaXRlX25hbWUiOiJhcmEtc3dpc3MtY2UtYXp1cmUtNjRkNyIsInRlbmFudF9uYW1lIjoiZjUtZW1lYS1lbnQtYmNldXV0YW0iLCJ0b2tlbl91dWlkIjoiY2M0ZjQ1OGQtYTJlZC00NmQwLWFmNWQtMzllNWU0MmFjMjIzIiwiaHR0cF9wcm94eSI6IjE1OS42MC4xNDEuMTQwOjQ0MyIsInJlZ2lzdHJhdGlvbl91cmwiOiJ2ZXMudm9sdGVycmEuaW8iLCJkbnNfc2VydmVycyI6IiIsIm50cF9zZXJ2ZXJzIjoiIiwiZW5hYmxlX3JlX3R1bm5lbCI6ZmFsc2UsImlzcyI6IkY1IFhDIFNpdGUgTWFuYWdlciIsInN1YiI6IkY1IFhDIFNpdGUgVG9rZW4iLCJleHAiOjE3NDg5NjUzMjksImlhdCI6MTc0ODg3ODkyOX0.mzAh5-WztH84NFoteCCaayVoOxaRgTFTM_7SRSqVI88",
            "labels": null,
            "name": "ara-swiss-token-64d7",
            "namespace": "system",
            "site_name": "ara-swiss-ce-azure-64d7",
            "tenant_name": "f5-emea-ent-bceuutam",
            "type": 1
          },
          "sensitive_attributes": [],
          "identity_schema_version": 0,
          "private": "bnVsbA==",
          "dependencies": [
            "random_id.xc-mcn-random-id",
            "volterra_securemesh_site_v2.xc-mcn-smsv2-appstack"
          ]
        }
      ]
    }
  ],
  "check_results": null
}
